<?xml version="1.0" encoding="utf-8"?>
<Project ToolsVersion="4.0" xmlns="http://schemas.microsoft.com/developer/msbuild/2003">
  <ItemGroup>
    <Filter Include="Source Files">
      <UniqueIdentifier>{4FC737F1-C7A5-4376-A066-2A32D752A2FF}</UniqueIdentifier>
      <Extensions>cpp;c;cc;cxx;c++;def;odl;idl;hpj;bat;asm;asmx</Extensions>
    </Filter>
    <Filter Include="Header Files">
      <UniqueIdentifier>{93995380-89BD-4b04-88EB-625FBE52EBFB}</UniqueIdentifier>
      <Extensions>h;hh;hpp;hxx;h++;hm;inl;inc;ipp;xsd</Extensions>
    </Filter>
    <Filter Include="Resource Files">
      <UniqueIdentifier>{67DA6AB6-F800-4c08-8B7A-83BB121AAD01}</UniqueIdentifier>
      <Extensions>rc;ico;cur;bmp;dlg;rc2;rct;bin;rgs;gif;jpg;jpeg;jpe;resx;tiff;tif;png;wav;mfcribbon-ms</Extensions>
    </Filter>
    <Filter Include="Source Files\_platform_win">
      <UniqueIdentifier>{bf81667c-ddef-4e6a-863e-b7d3bb4e21b6}</UniqueIdentifier>
    </Filter>
    <Filter Include="Source Files\common">
      <UniqueIdentifier>{b217d662-a1bd-465a-9bd2-a601554bf9de}</UniqueIdentifier>
    </Filter>
    <Filter Include="Resource Files\_platform_win">
      <UniqueIdentifier>{545e1a83-e3e4-401b-9e67-51eb0b1285a5}</UniqueIdentifier>
    </Filter>
    <Filter Include="Resource Files\_platform_win\icon">
      <UniqueIdentifier>{efacfbdf-3c9c-4c41-83ba-f40dc6df6fff}</UniqueIdentifier>
    </Filter>
    <Filter Include="Resource Files\_util">
      <UniqueIdentifier>{62b21656-fe75-42fa-9fd4-6be34ed01e3f}</UniqueIdentifier>
    </Filter>
    <Filter Include="Source Files\common\_util">
      <UniqueIdentifier>{2dc79a6d-845b-4cc1-9365-b14cf13bcf0a}</UniqueIdentifier>
    </Filter>
  </ItemGroup>
  <ItemGroup>
    <ClCompile Include="..\..\..\source\ijk-player\common\ijk-player.c">
      <Filter>Source Files\common</Filter>
    </ClCompile>
    <ClCompile Include="_platform_win\source\ijk-winmain.c">
      <Filter>Source Files\_platform_win</Filter>
    </ClCompile>
    <ClCompile Include="..\..\..\source\ijk-player\common\_util\ijkConsole_win.c">
      <Filter>Source Files\common\_util</Filter>
    </ClCompile>
    <ClCompile Include="..\..\..\source\ijk-player\common\_util\vec3f.c">
      <Filter>Source Files\common\_util</Filter>
    </ClCompile>
    <ClCompile Include="..\..\..\source\ijk-player\common\_util\scene.c">
      <Filter>Source Files\common\_util</Filter>
    </ClCompile>
  </ItemGroup>
  <ItemGroup>
    <ResourceCompile Include="ijk-player.rc">
      <Filter>Resource Files\_platform_win</Filter>
    </ResourceCompile>
  </ItemGroup>
  <ItemGroup>
    <Image Include="_platform_win\resource\icon\cbtk.ico">
      <Filter>Resource Files\_platform_win\icon</Filter>
    </Image>
  </ItemGroup>
  <ItemGroup>
    <ClInclude Include="ijk-player.rc.h">
      <Filter>Resource Files\_platform_win</Filter>
    </ClInclude>
    <ClInclude Include="..\..\..\source\ijk-player\common\_util\ijkConsole.h">
      <Filter>Source Files\common\_util</Filter>
    </ClInclude>
    <ClInclude Include="..\..\..\source\ijk-player\common\_util\vec3f.h">
      <Filter>Source Files\common\_util</Filter>
    </ClInclude>
    <ClInclude Include="..\..\..\source\ijk-player\common\_util\scene.h">
      <Filter>Source Files\common\_util</Filter>
    </ClInclude>
  </ItemGroup>
  <ItemGroup>
    <Text Include="..\..\..\resource\ijk-player\_util\ijk-plugin-info.txt">
      <Filter>Resource Files\_util</Filter>
    </Text>
  </ItemGroup>
  <ItemGroup>
    <None Include="..\..\..\source\ijk-player\common\_util\vec3f.inl">
      <Filter>Source Files\common\_util</Filter>
    </None>
  </ItemGroup>
</Project>